
Microsoft Visual Studio Solution File, Format Version 12.00
# Visual Studio Version 17
VisualStudioVersion = 17.4.33122.133
MinimumVisualStudioVersion = 10.0.40219.1
Project("{FAE04EC0-301F-11D3-BF4B-00C04F79EFBC}") = "Shapes.ClassLibrary", "Shapes.ClassLibrary\Shapes.ClassLibrary.csproj", "{BC4E6E6F-AF72-4268-988A-DA57ED7EA5A3}"
EndProject
Project("{FAE04EC0-301F-11D3-BF4B-00C04F79EFBC}") = "Shapes.ConsoleApp", "Shapes.ConsoleApp\Shapes.ConsoleApp.csproj", "{D55DA631-F3C4-4154-8D37-D757AAE72A4E}"
EndProject
Project("{FAE04EC0-301F-11D3-BF4B-00C04F79EFBC}") = "Shapes.Tests", "Shapes.Tests\Shapes.Tests.csproj", "{6DB9CA42-CF31-4112-8337-7135DF055E2A}"
EndProject
Global
	GlobalSection(SolutionConfigurationPlatforms) = preSolution
		Debug|Any CPU = Debug|Any CPU
		Release|Any CPU = Release|Any CPU
	EndGlobalSection
	GlobalSection(ProjectConfigurationPlatforms) = postSolution
		{BC4E6E6F-AF72-4268-988A-DA57ED7EA5A3}.Debug|Any CPU.ActiveCfg = Debug|Any CPU
		{BC4E6E6F-AF72-4268-988A-DA57ED7EA5A3}.Debug|Any CPU.Build.0 = Debug|Any CPU
		{BC4E6E6F-AF72-4268-988A-DA57ED7EA5A3}.Release|Any CPU.ActiveCfg = Release|Any CPU
		{BC4E6E6F-AF72-4268-988A-DA57ED7EA5A3}.Release|Any CPU.Build.0 = Release|Any CPU
		{D55DA631-F3C4-4154-8D37-D757AAE72A4E}.Debug|Any CPU.ActiveCfg = Debug|Any CPU
		{D55DA631-F3C4-4154-8D37-D757AAE72A4E}.Debug|Any CPU.Build.0 = Debug|Any CPU
		{D55DA631-F3C4-4154-8D37-D757AAE72A4E}.Release|Any CPU.ActiveCfg = Release|Any CPU
		{D55DA631-F3C4-4154-8D37-D757AAE72A4E}.Release|Any CPU.Build.0 = Release|Any CPU
		{6DB9CA42-CF31-4112-8337-7135DF055E2A}.Debug|Any CPU.ActiveCfg = Debug|Any CPU
		{6DB9CA42-CF31-4112-8337-7135DF055E2A}.Debug|Any CPU.Build.0 = Debug|Any CPU
		{6DB9CA42-CF31-4112-8337-7135DF055E2A}.Release|Any CPU.ActiveCfg = Release|Any CPU
		{6DB9CA42-CF31-4112-8337-7135DF055E2A}.Release|Any CPU.Build.0 = Release|Any CPU
	EndGlobalSection
	GlobalSection(SolutionProperties) = preSolution
		HideSolutionNode = FALSE
	EndGlobalSection
	GlobalSection(ExtensibilityGlobals) = postSolution
		SolutionGuid = {196DDB40-90AE-4328-8457-28CB9ECC7289}
	EndGlobalSection
EndGlobal
